
Microsoft Visual Studio Solution File, Format Version 12.00
# Visual Studio Version 16
VisualStudioVersion = 16.0.31205.134
MinimumVisualStudioVersion = 10.0.40219.1
Project("{FAE04EC0-301F-11D3-BF4B-00C04F79EFBC}") = "CsvTest", "CsvTest\CsvTest.csproj", "{1E907406-335D-4C0F-8C68-59D0B98FBFFF}"
EndProject
Global
	GlobalSection(SolutionConfigurationPlatforms) = preSolution
		Debug|Any CPU = Debug|Any CPU
		Release|Any CPU = Release|Any CPU
	EndGlobalSection
	GlobalSection(ProjectConfigurationPlatforms) = postSolution
		{1E907406-335D-4C0F-8C68-59D0B98FBFFF}.Debug|Any CPU.ActiveCfg = Debug|Any CPU
		{1E907406-335D-4C0F-8C68-59D0B98FBFFF}.Debug|Any CPU.Build.0 = Debug|Any CPU
		{1E907406-335D-4C0F-8C68-59D0B98FBFFF}.Release|Any CPU.ActiveCfg = Release|Any CPU
		{1E907406-335D-4C0F-8C68-59D0B98FBFFF}.Release|Any CPU.Build.0 = Release|Any CPU
	EndGlobalSection
	GlobalSection(SolutionProperties) = preSolution
		HideSolutionNode = FALSE
	EndGlobalSection
	GlobalSection(ExtensibilityGlobals) = postSolution
		SolutionGuid = {BE391B4D-9DAD-43C0-9301-91B5482C1DFB}
	EndGlobalSection
EndGlobal
